
Microsoft Visual Studio Solution File, Format Version 12.00
# Visual Studio 15
Project("{FAE04EC0-301F-11D3-BF4B-00C04F79EFBC}") = "Assembly-CSharp", "Assembly-CSharp.csproj", "{CAFB4976-7084-9FBD-F4EA-7561BD228F47}"
EndProject
Project("{FAE04EC0-301F-11D3-BF4B-00C04F79EFBC}") = "Assembly-CSharp-Editor", "Assembly-CSharp-Editor.csproj", "{A1E5637D-0CE8-B0DA-2DCC-D7F936B237DA}"
EndProject
Global
	GlobalSection(SolutionConfigurationPlatforms) = preSolution
		Debug|Any CPU = Debug|Any CPU
		Release|Any CPU = Release|Any CPU
	EndGlobalSection
	GlobalSection(ProjectConfigurationPlatforms) = postSolution
		{CAFB4976-7084-9FBD-F4EA-7561BD228F47}.Debug|Any CPU.ActiveCfg = Debug|Any CPU
		{CAFB4976-7084-9FBD-F4EA-7561BD228F47}.Debug|Any CPU.Build.0 = Debug|Any CPU
		{CAFB4976-7084-9FBD-F4EA-7561BD228F47}.Release|Any CPU.ActiveCfg = Release|Any CPU
		{CAFB4976-7084-9FBD-F4EA-7561BD228F47}.Release|Any CPU.Build.0 = Release|Any CPU
		{A1E5637D-0CE8-B0DA-2DCC-D7F936B237DA}.Debug|Any CPU.ActiveCfg = Debug|Any CPU
		{A1E5637D-0CE8-B0DA-2DCC-D7F936B237DA}.Debug|Any CPU.Build.0 = Debug|Any CPU
		{A1E5637D-0CE8-B0DA-2DCC-D7F936B237DA}.Release|Any CPU.ActiveCfg = Release|Any CPU
		{A1E5637D-0CE8-B0DA-2DCC-D7F936B237DA}.Release|Any CPU.Build.0 = Release|Any CPU
	EndGlobalSection
	GlobalSection(SolutionProperties) = preSolution
		HideSolutionNode = FALSE
	EndGlobalSection
EndGlobal
